
Microsoft Visual Studio Solution File, Format Version 12.00
# Visual Studio Version 16
VisualStudioVersion = 16.0.30621.155
MinimumVisualStudioVersion = 10.0.40219.1
Project("{9A19103F-16F7-4668-BE54-9A1E7A4F7556}") = "TesteSquadra", "TesteSquadra\TesteSquadra.csproj", "{978BA27F-B8EE-4B65-BEDD-5FC93C1A7E98}"
EndProject
Project("{FAE04EC0-301F-11D3-BF4B-00C04F79EFBC}") = "TaxaJurosTeste", "TaxaJurosTeste\TaxaJurosTeste.csproj", "{B91F291B-8929-4F60-8520-FEA2060D6F79}"
EndProject
Global
	GlobalSection(SolutionConfigurationPlatforms) = preSolution
		Debug|Any CPU = Debug|Any CPU
		Release|Any CPU = Release|Any CPU
	EndGlobalSection
	GlobalSection(ProjectConfigurationPlatforms) = postSolution
		{978BA27F-B8EE-4B65-BEDD-5FC93C1A7E98}.Debug|Any CPU.ActiveCfg = Debug|Any CPU
		{978BA27F-B8EE-4B65-BEDD-5FC93C1A7E98}.Debug|Any CPU.Build.0 = Debug|Any CPU
		{978BA27F-B8EE-4B65-BEDD-5FC93C1A7E98}.Release|Any CPU.ActiveCfg = Release|Any CPU
		{978BA27F-B8EE-4B65-BEDD-5FC93C1A7E98}.Release|Any CPU.Build.0 = Release|Any CPU
		{B91F291B-8929-4F60-8520-FEA2060D6F79}.Debug|Any CPU.ActiveCfg = Debug|Any CPU
		{B91F291B-8929-4F60-8520-FEA2060D6F79}.Debug|Any CPU.Build.0 = Debug|Any CPU
		{B91F291B-8929-4F60-8520-FEA2060D6F79}.Release|Any CPU.ActiveCfg = Release|Any CPU
		{B91F291B-8929-4F60-8520-FEA2060D6F79}.Release|Any CPU.Build.0 = Release|Any CPU
	EndGlobalSection
	GlobalSection(SolutionProperties) = preSolution
		HideSolutionNode = FALSE
	EndGlobalSection
	GlobalSection(ExtensibilityGlobals) = postSolution
		SolutionGuid = {0C992A26-AC9E-4395-9BE7-B013E201DAC6}
	EndGlobalSection
EndGlobal
